
Microsoft Visual Studio Solution File, Format Version 12.00
# Visual Studio 15
VisualStudioVersion = 15.0.26730.15
MinimumVisualStudioVersion = 10.0.40219.1
Project("{FAE04EC0-301F-11D3-BF4B-00C04F79EFBC}") = "FactorySolid", "FactorySolid\FactorySolid.csproj", "{DE583CA3-8A9D-4638-AE6A-63DC2940C0B3}"
EndProject
Global
	GlobalSection(SolutionConfigurationPlatforms) = preSolution
		Debug|Any CPU = Debug|Any CPU
		Release|Any CPU = Release|Any CPU
	EndGlobalSection
	GlobalSection(ProjectConfigurationPlatforms) = postSolution
		{DE583CA3-8A9D-4638-AE6A-63DC2940C0B3}.Debug|Any CPU.ActiveCfg = Debug|Any CPU
		{DE583CA3-8A9D-4638-AE6A-63DC2940C0B3}.Debug|Any CPU.Build.0 = Debug|Any CPU
		{DE583CA3-8A9D-4638-AE6A-63DC2940C0B3}.Release|Any CPU.ActiveCfg = Release|Any CPU
		{DE583CA3-8A9D-4638-AE6A-63DC2940C0B3}.Release|Any CPU.Build.0 = Release|Any CPU
	EndGlobalSection
	GlobalSection(SolutionProperties) = preSolution
		HideSolutionNode = FALSE
	EndGlobalSection
	GlobalSection(ExtensibilityGlobals) = postSolution
		SolutionGuid = {80A633F0-88A1-48AE-83DD-18A04A123072}
	EndGlobalSection
EndGlobal
